
Microsoft Visual Studio Solution File, Format Version 12.00
# Visual Studio 14
VisualStudioVersion = 14.0.25420.1
MinimumVisualStudioVersion = 10.0.40219.1
Project("{FAE04EC0-301F-11D3-BF4B-00C04F79EFBC}") = "LA v. 0.2", "LA v. 0.2\LA v. 0.2.csproj", "{45CCAF12-3046-4D90-B1AB-FA2A9D3531AF}"
EndProject
Global
	GlobalSection(SolutionConfigurationPlatforms) = preSolution
		Debug|Any CPU = Debug|Any CPU
		Release|Any CPU = Release|Any CPU
	EndGlobalSection
	GlobalSection(ProjectConfigurationPlatforms) = postSolution
		{45CCAF12-3046-4D90-B1AB-FA2A9D3531AF}.Debug|Any CPU.ActiveCfg = Debug|Any CPU
		{45CCAF12-3046-4D90-B1AB-FA2A9D3531AF}.Debug|Any CPU.Build.0 = Debug|Any CPU
		{45CCAF12-3046-4D90-B1AB-FA2A9D3531AF}.Release|Any CPU.ActiveCfg = Release|Any CPU
		{45CCAF12-3046-4D90-B1AB-FA2A9D3531AF}.Release|Any CPU.Build.0 = Release|Any CPU
	EndGlobalSection
	GlobalSection(SolutionProperties) = preSolution
		HideSolutionNode = FALSE
	EndGlobalSection
EndGlobal
